{
    "_readme": [
        "This file locks the dependencies of your project to a known state",
        "Read more about it at https://getcomposer.org/doc/01-basic-usage.md#installing-dependencies",
        "This file is @generated automatically"
    ],
    "content-hash": "b39d9a19ab8580f4f0d0f7e95de396a9",
    "packages": [],
    "packages-dev": [],
    "aliases": [],
    "minimum-stability": "dev",
    "stability-flags": [],
    "prefer-stable": false,
    "prefer-lowest": false,
    "platform": {
        "php": "^7.3",
        "ext-curl": "^7.3",
        "ext-iconv": "^7.3"
    },
    "platform-dev": {
        "php": "^7.3"
    },
    "plugin-api-version": "1.1.0"
}
